
Microsoft Visual Studio Solution File, Format Version 12.00
# Visual Studio 15
VisualStudioVersion = 15.0.28307.489
MinimumVisualStudioVersion = 10.0.40219.1
Project("{9A19103F-16F7-4668-BE54-9A1E7A4F7556}") = "MudrakAndriIWebAPI", "MudrakAndriIWebAPI\MudrakAndriIWebAPI.csproj", "{6E1BF4DE-D27C-4DFF-9B57-7425E5BDAD06}"
EndProject
Project("{9A19103F-16F7-4668-BE54-9A1E7A4F7556}") = "BLL", "Services\BLL.csproj", "{B08EDEDF-77F7-4553-97A2-AD3C2769EE06}"
EndProject
Project("{9A19103F-16F7-4668-BE54-9A1E7A4F7556}") = "DAL", "DAL\DAL.csproj", "{2EF63976-9927-433B-8AC7-B7CF4D8EAC5E}"
EndProject
Project("{FAE04EC0-301F-11D3-BF4B-00C04F79EFBC}") = "NUnitTests", "NUnitTests\NUnitTests.csproj", "{7CB5F54C-0BDB-460A-8343-A2EBA80DE89E}"
EndProject
Global
	GlobalSection(SolutionConfigurationPlatforms) = preSolution
		Debug|Any CPU = Debug|Any CPU
		Release|Any CPU = Release|Any CPU
	EndGlobalSection
	GlobalSection(ProjectConfigurationPlatforms) = postSolution
		{6E1BF4DE-D27C-4DFF-9B57-7425E5BDAD06}.Debug|Any CPU.ActiveCfg = Debug|Any CPU
		{6E1BF4DE-D27C-4DFF-9B57-7425E5BDAD06}.Debug|Any CPU.Build.0 = Debug|Any CPU
		{6E1BF4DE-D27C-4DFF-9B57-7425E5BDAD06}.Release|Any CPU.ActiveCfg = Release|Any CPU
		{6E1BF4DE-D27C-4DFF-9B57-7425E5BDAD06}.Release|Any CPU.Build.0 = Release|Any CPU
		{B08EDEDF-77F7-4553-97A2-AD3C2769EE06}.Debug|Any CPU.ActiveCfg = Debug|Any CPU
		{B08EDEDF-77F7-4553-97A2-AD3C2769EE06}.Debug|Any CPU.Build.0 = Debug|Any CPU
		{B08EDEDF-77F7-4553-97A2-AD3C2769EE06}.Release|Any CPU.ActiveCfg = Release|Any CPU
		{B08EDEDF-77F7-4553-97A2-AD3C2769EE06}.Release|Any CPU.Build.0 = Release|Any CPU
		{2EF63976-9927-433B-8AC7-B7CF4D8EAC5E}.Debug|Any CPU.ActiveCfg = Debug|Any CPU
		{2EF63976-9927-433B-8AC7-B7CF4D8EAC5E}.Debug|Any CPU.Build.0 = Debug|Any CPU
		{2EF63976-9927-433B-8AC7-B7CF4D8EAC5E}.Release|Any CPU.ActiveCfg = Release|Any CPU
		{2EF63976-9927-433B-8AC7-B7CF4D8EAC5E}.Release|Any CPU.Build.0 = Release|Any CPU
		{7CB5F54C-0BDB-460A-8343-A2EBA80DE89E}.Debug|Any CPU.ActiveCfg = Debug|Any CPU
		{7CB5F54C-0BDB-460A-8343-A2EBA80DE89E}.Debug|Any CPU.Build.0 = Debug|Any CPU
		{7CB5F54C-0BDB-460A-8343-A2EBA80DE89E}.Release|Any CPU.ActiveCfg = Release|Any CPU
		{7CB5F54C-0BDB-460A-8343-A2EBA80DE89E}.Release|Any CPU.Build.0 = Release|Any CPU
	EndGlobalSection
	GlobalSection(SolutionProperties) = preSolution
		HideSolutionNode = FALSE
	EndGlobalSection
	GlobalSection(ExtensibilityGlobals) = postSolution
		SolutionGuid = {14314477-6576-45BA-8733-D7051DC6DB1F}
	EndGlobalSection
EndGlobal
